
Microsoft Visual Studio Solution File, Format Version 12.00
# Visual Studio Version 16
VisualStudioVersion = 16.0.31410.357
MinimumVisualStudioVersion = 10.0.40219.1
Project("{FAE04EC0-301F-11D3-BF4B-00C04F79EFBC}") = "HMT", "HMT\HMT.csproj", "{3FC07ADB-4EA6-411E-AC65-A1617B6A2764}"
EndProject
Global
	GlobalSection(SolutionConfigurationPlatforms) = preSolution
		Debug|Any CPU = Debug|Any CPU
		Release|Any CPU = Release|Any CPU
	EndGlobalSection
	GlobalSection(ProjectConfigurationPlatforms) = postSolution
		{3FC07ADB-4EA6-411E-AC65-A1617B6A2764}.Debug|Any CPU.ActiveCfg = Debug|Any CPU
		{3FC07ADB-4EA6-411E-AC65-A1617B6A2764}.Debug|Any CPU.Build.0 = Debug|Any CPU
		{3FC07ADB-4EA6-411E-AC65-A1617B6A2764}.Release|Any CPU.ActiveCfg = Release|Any CPU
		{3FC07ADB-4EA6-411E-AC65-A1617B6A2764}.Release|Any CPU.Build.0 = Release|Any CPU
	EndGlobalSection
	GlobalSection(SolutionProperties) = preSolution
		HideSolutionNode = FALSE
	EndGlobalSection
	GlobalSection(ExtensibilityGlobals) = postSolution
		SolutionGuid = {DA3B1D92-3C3E-4D97-9F53-5A8BCFC73F62}
	EndGlobalSection
EndGlobal
